
Microsoft Visual Studio Solution File, Format Version 12.00
# Visual Studio 2012
Project("{FAE04EC0-301F-11D3-BF4B-00C04F79EFBC}") = "LuyenThiHiep", "LuyenThiHiep\LuyenThiHiep.csproj", "{731C47C6-516A-4E3B-95C9-889977CC01F0}"
EndProject
Project("{FAE04EC0-301F-11D3-BF4B-00C04F79EFBC}") = "Bussiness", "Bussiness\Bussiness.csproj", "{21A767D3-3B16-4860-866E-F5C813F027B8}"
EndProject
Project("{FAE04EC0-301F-11D3-BF4B-00C04F79EFBC}") = "Database", "Database\Database.csproj", "{22480B4F-6467-4304-8F6B-6DD6D97DF620}"
EndProject
Global
	GlobalSection(SolutionConfigurationPlatforms) = preSolution
		Debug|Any CPU = Debug|Any CPU
		Release|Any CPU = Release|Any CPU
	EndGlobalSection
	GlobalSection(ProjectConfigurationPlatforms) = postSolution
		{731C47C6-516A-4E3B-95C9-889977CC01F0}.Debug|Any CPU.ActiveCfg = Debug|Any CPU
		{731C47C6-516A-4E3B-95C9-889977CC01F0}.Debug|Any CPU.Build.0 = Debug|Any CPU
		{731C47C6-516A-4E3B-95C9-889977CC01F0}.Release|Any CPU.ActiveCfg = Release|Any CPU
		{731C47C6-516A-4E3B-95C9-889977CC01F0}.Release|Any CPU.Build.0 = Release|Any CPU
		{21A767D3-3B16-4860-866E-F5C813F027B8}.Debug|Any CPU.ActiveCfg = Debug|Any CPU
		{21A767D3-3B16-4860-866E-F5C813F027B8}.Debug|Any CPU.Build.0 = Debug|Any CPU
		{21A767D3-3B16-4860-866E-F5C813F027B8}.Release|Any CPU.ActiveCfg = Release|Any CPU
		{21A767D3-3B16-4860-866E-F5C813F027B8}.Release|Any CPU.Build.0 = Release|Any CPU
		{22480B4F-6467-4304-8F6B-6DD6D97DF620}.Debug|Any CPU.ActiveCfg = Debug|Any CPU
		{22480B4F-6467-4304-8F6B-6DD6D97DF620}.Debug|Any CPU.Build.0 = Debug|Any CPU
		{22480B4F-6467-4304-8F6B-6DD6D97DF620}.Release|Any CPU.ActiveCfg = Release|Any CPU
		{22480B4F-6467-4304-8F6B-6DD6D97DF620}.Release|Any CPU.Build.0 = Release|Any CPU
	EndGlobalSection
	GlobalSection(SolutionProperties) = preSolution
		HideSolutionNode = FALSE
	EndGlobalSection
EndGlobal
